dependencies:
- name: opentelemetry-collector
  repository: https://open-telemetry.github.io/opentelemetry-helm-charts
  version: 0.126.0
- name: jaeger
  repository: https://jaegertracing.github.io/helm-charts
  version: 3.3.3
digest: sha256:6f4601026e2d1e44e095bbeb9d2801a2c5cd96511ac194bd75920dd2582268fc
generated: "2025-06-06T14:00:25.501442059-03:00"
