dependencies:
- name: opentelemetry-collector
  repository: https://open-telemetry.github.io/opentelemetry-helm-charts
  version: 0.110.3
- name: jaeger
  repository: https://jaegertracing.github.io/helm-charts
  version: 3.3.3
digest: sha256:edcd9d3acf07c13d4260a41d33659a6de98e7d2fa16c38dd013ca502845fafa1
generated: "2025-01-15T11:20:38.251192507-03:00"
